
Microsoft Visual Studio Solution File, Format Version 12.00
# Visual Studio Version 17
VisualStudioVersion = 17.0.31903.59
MinimumVisualStudioVersion = 10.0.40219.1
Project("{FAE04EC0-301F-11D3-BF4B-00C04F79EFBC}") = "Fina.Api", "Fina.Api\Fina.Api.csproj", "{A8675E5D-5302-4426-80E1-BC8698F52122}"
EndProject
Project("{FAE04EC0-301F-11D3-BF4B-00C04F79EFBC}") = "Fina.Core", "Fina.Core\Fina.Core.csproj", "{24BAD837-72DE-4CA7-A9DE-83D972659504}"
EndProject
Project("{FAE04EC0-301F-11D3-BF4B-00C04F79EFBC}") = "Fina.Web", "Fina.Web\Fina.Web.csproj", "{5E1535B2-3A53-4F3A-A500-CB14B472126A}"
EndProject
Global
	GlobalSection(SolutionConfigurationPlatforms) = preSolution
		Debug|Any CPU = Debug|Any CPU
		Release|Any CPU = Release|Any CPU
	EndGlobalSection
	GlobalSection(SolutionProperties) = preSolution
		HideSolutionNode = FALSE
	EndGlobalSection
	GlobalSection(ProjectConfigurationPlatforms) = postSolution
		{A8675E5D-5302-4426-80E1-BC8698F52122}.Debug|Any CPU.ActiveCfg = Debug|Any CPU
		{A8675E5D-5302-4426-80E1-BC8698F52122}.Debug|Any CPU.Build.0 = Debug|Any CPU
		{A8675E5D-5302-4426-80E1-BC8698F52122}.Release|Any CPU.ActiveCfg = Release|Any CPU
		{A8675E5D-5302-4426-80E1-BC8698F52122}.Release|Any CPU.Build.0 = Release|Any CPU
		{24BAD837-72DE-4CA7-A9DE-83D972659504}.Debug|Any CPU.ActiveCfg = Debug|Any CPU
		{24BAD837-72DE-4CA7-A9DE-83D972659504}.Debug|Any CPU.Build.0 = Debug|Any CPU
		{24BAD837-72DE-4CA7-A9DE-83D972659504}.Release|Any CPU.ActiveCfg = Release|Any CPU
		{24BAD837-72DE-4CA7-A9DE-83D972659504}.Release|Any CPU.Build.0 = Release|Any CPU
		{5E1535B2-3A53-4F3A-A500-CB14B472126A}.Debug|Any CPU.ActiveCfg = Debug|Any CPU
		{5E1535B2-3A53-4F3A-A500-CB14B472126A}.Debug|Any CPU.Build.0 = Debug|Any CPU
		{5E1535B2-3A53-4F3A-A500-CB14B472126A}.Release|Any CPU.ActiveCfg = Release|Any CPU
		{5E1535B2-3A53-4F3A-A500-CB14B472126A}.Release|Any CPU.Build.0 = Release|Any CPU
	EndGlobalSection
EndGlobal
